
Microsoft Visual Studio Solution File, Format Version 12.00
# Visual Studio Version 16
VisualStudioVersion = 16.0.31605.320
MinimumVisualStudioVersion = 10.0.40219.1
Project("{8BC9CEB8-8B4A-11D0-8D11-00A0C91BC942}") = "函数", "函数\函数.vcxproj", "{220481FA-31FD-40D7-8990-2465A9AA3AE6}"
EndProject
Global
	GlobalSection(SolutionConfigurationPlatforms) = preSolution
		Debug|x64 = Debug|x64
		Debug|x86 = Debug|x86
		Release|x64 = Release|x64
		Release|x86 = Release|x86
	EndGlobalSection
	GlobalSection(ProjectConfigurationPlatforms) = postSolution
		{220481FA-31FD-40D7-8990-2465A9AA3AE6}.Debug|x64.ActiveCfg = Debug|x64
		{220481FA-31FD-40D7-8990-2465A9AA3AE6}.Debug|x64.Build.0 = Debug|x64
		{220481FA-31FD-40D7-8990-2465A9AA3AE6}.Debug|x86.ActiveCfg = Debug|Win32
		{220481FA-31FD-40D7-8990-2465A9AA3AE6}.Debug|x86.Build.0 = Debug|Win32
		{220481FA-31FD-40D7-8990-2465A9AA3AE6}.Release|x64.ActiveCfg = Release|x64
		{220481FA-31FD-40D7-8990-2465A9AA3AE6}.Release|x64.Build.0 = Release|x64
		{220481FA-31FD-40D7-8990-2465A9AA3AE6}.Release|x86.ActiveCfg = Release|Win32
		{220481FA-31FD-40D7-8990-2465A9AA3AE6}.Release|x86.Build.0 = Release|Win32
	EndGlobalSection
	GlobalSection(SolutionProperties) = preSolution
		HideSolutionNode = FALSE
	EndGlobalSection
	GlobalSection(ExtensibilityGlobals) = postSolution
		SolutionGuid = {98BE2D39-80B5-4AA7-98CC-D48001FEC6AC}
	EndGlobalSection
EndGlobal
